// !$*UTF8*$!
{
	archiveVersion = 1;
	classes = {
	};
	objectVersion = 50;
	objects = {

/* Begin PBXBuildFile section */
		C481076C25A382A700EAF35B /* DataNewsListVC.swift in Sources */ = {isa = PBXBuildFile; fileRef = C481076B25A382A700EAF35B /* DataNewsListVC.swift */; };
		C481077025A382EA00EAF35B /* DataNewsListViewModel.swift in Sources */ = {isa = PBXBuildFile; fileRef = C481076F25A382EA00EAF35B /* DataNewsListViewModel.swift */; };
		C481077625A3834600EAF35B /* DataNewsPostTableViewCell.swift in Sources */ = {isa = PBXBuildFile; fileRef = C481077525A3834600EAF35B /* DataNewsPostTableViewCell.swift */; };
		C481077A25A3836D00EAF35B /* DataNewsPostTableViewCell.xib in Resources */ = {isa = PBXBuildFile; fileRef = C481077925A3836D00EAF35B /* DataNewsPostTableViewCell.xib */; };
		C481077E25A383A500EAF35B /* DataNewsPostTableViewModel.swift in Sources */ = {isa = PBXBuildFile; fileRef = C481077D25A383A500EAF35B /* DataNewsPostTableViewModel.swift */; };
		C481078325A383FD00EAF35B /* Date+Ext.swift in Sources */ = {isa = PBXBuildFile; fileRef = C481078225A383FD00EAF35B /* Date+Ext.swift */; };
		C481078725A3845200EAF35B /* String+Ext.swift in Sources */ = {isa = PBXBuildFile; fileRef = C481078625A3845200EAF35B /* String+Ext.swift */; };
		C481078A25A3848900EAF35B /* Constants.swift in Sources */ = {isa = PBXBuildFile; fileRef = C481078925A3848900EAF35B /* Constants.swift */; };
		C481078D25A384A800EAF35B /* PostDetailInfoVC.swift in Sources */ = {isa = PBXBuildFile; fileRef = C481078C25A384A700EAF35B /* PostDetailInfoVC.swift */; };
		C481079025A384F800EAF35B /* PostDetailInfoViewModel.swift in Sources */ = {isa = PBXBuildFile; fileRef = C481078F25A384F800EAF35B /* PostDetailInfoViewModel.swift */; };
		C49466B125A378EC000DA74E /* AppDelegate.swift in Sources */ = {isa = PBXBuildFile; fileRef = C49466B025A378EC000DA74E /* AppDelegate.swift */; };
		C49466B325A378EC000DA74E /* SceneDelegate.swift in Sources */ = {isa = PBXBuildFile; fileRef = C49466B225A378EC000DA74E /* SceneDelegate.swift */; };
		C49466B825A378EC000DA74E /* Main.storyboard in Resources */ = {isa = PBXBuildFile; fileRef = C49466B625A378EC000DA74E /* Main.storyboard */; };
		C49466BA25A378EF000DA74E /* Assets.xcassets in Resources */ = {isa = PBXBuildFile; fileRef = C49466B925A378EF000DA74E /* Assets.xcassets */; };
		C49466BD25A378EF000DA74E /* LaunchScreen.storyboard in Resources */ = {isa = PBXBuildFile; fileRef = C49466BB25A378EF000DA74E /* LaunchScreen.storyboard */; };
		C49466CE25A37D0F000DA74E /* NewsData.swift in Sources */ = {isa = PBXBuildFile; fileRef = C49466CD25A37D0F000DA74E /* NewsData.swift */; };
		C49466D225A37D20000DA74E /* Post.swift in Sources */ = {isa = PBXBuildFile; fileRef = C49466D125A37D20000DA74E /* Post.swift */; };
		C49466D525A37D45000DA74E /* NetworkManager.swift in Sources */ = {isa = PBXBuildFile; fileRef = C49466D425A37D45000DA74E /* NetworkManager.swift */; };
		C49466D825A37D7D000DA74E /* DNError.swift in Sources */ = {isa = PBXBuildFile; fileRef = C49466D725A37D7D000DA74E /* DNError.swift */; };
		C49466DC25A37EF2000DA74E /* DNDataLoadingVC.swift in Sources */ = {isa = PBXBuildFile; fileRef = C49466DB25A37EF2000DA74E /* DNDataLoadingVC.swift */; };
		C49466E025A37F46000DA74E /* DNAlertVC.swift in Sources */ = {isa = PBXBuildFile; fileRef = C49466DF25A37F46000DA74E /* DNAlertVC.swift */; };
		C49466E425A37F68000DA74E /* DNContainerView.swift in Sources */ = {isa = PBXBuildFile; fileRef = C49466E325A37F68000DA74E /* DNContainerView.swift */; };
		C49466E925A37F89000DA74E /* DNButton.swift in Sources */ = {isa = PBXBuildFile; fileRef = C49466E825A37F89000DA74E /* DNButton.swift */; };
		C49466EE25A37FB9000DA74E /* DNTitleLabel.swift in Sources */ = {isa = PBXBuildFile; fileRef = C49466ED25A37FB9000DA74E /* DNTitleLabel.swift */; };
		C49466F225A37FCF000DA74E /* DNBodyLabel.swift in Sources */ = {isa = PBXBuildFile; fileRef = C49466F125A37FCF000DA74E /* DNBodyLabel.swift */; };
		C49466F525A3800C000DA74E /* UIView+Ext.swift in Sources */ = {isa = PBXBuildFile; fileRef = C49466F425A3800C000DA74E /* UIView+Ext.swift */; };
		C49466F825A38022000DA74E /* UIViewController+Ext.swift in Sources */ = {isa = PBXBuildFile; fileRef = C49466F725A38022000DA74E /* UIViewController+Ext.swift */; };
/* End PBXBuildFile section */

/* Begin PBXFileReference section */
		C481076B25A382A700EAF35B /* DataNewsListVC.swift */ = {isa = PBXFileReference; lastKnownFileType = sourcecode.swift; path = DataNewsListVC.swift; sourceTree = "<group>"; };
		C481076F25A382EA00EAF35B /* DataNewsListViewModel.swift */ = {isa = PBXFileReference; lastKnownFileType = sourcecode.swift; path = DataNewsListViewModel.swift; sourceTree = "<group>"; };
		C481077525A3834600EAF35B /* DataNewsPostTableViewCell.swift */ = {isa = PBXFileReference; lastKnownFileType = sourcecode.swift; path = DataNewsPostTableViewCell.swift; sourceTree = "<group>"; };
		C481077925A3836D00EAF35B /* DataNewsPostTableViewCell.xib */ = {isa = PBXFileReference; lastKnownFileType = file.xib; path = DataNewsPostTableViewCell.xib; sourceTree = "<group>"; };
		C481077D25A383A500EAF35B /* DataNewsPostTableViewModel.swift */ = {isa = PBXFileReference; lastKnownFileType = sourcecode.swift; path = DataNewsPostTableViewModel.swift; sourceTree = "<group>"; };
		C481078225A383FD00EAF35B /* Date+Ext.swift */ = {isa = PBXFileReference; lastKnownFileType = sourcecode.swift; path = "Date+Ext.swift"; sourceTree = "<group>"; };
		C481078625A3845200EAF35B /* String+Ext.swift */ = {isa = PBXFileReference; lastKnownFileType = sourcecode.swift; path = "String+Ext.swift"; sourceTree = "<group>"; };
		C481078925A3848900EAF35B /* Constants.swift */ = {isa = PBXFileReference; lastKnownFileType = sourcecode.swift; path = Constants.swift; sourceTree = "<group>"; };
		C481078C25A384A700EAF35B /* PostDetailInfoVC.swift */ = {isa = PBXFileReference; lastKnownFileType = sourcecode.swift; path = PostDetailInfoVC.swift; sourceTree = "<group>"; };
		C481078F25A384F800EAF35B /* PostDetailInfoViewModel.swift */ = {isa = PBXFileReference; lastKnownFileType = sourcecode.swift; path = PostDetailInfoViewModel.swift; sourceTree = "<group>"; };
		C49466AD25A378EC000DA74E /* DataNews.app */ = {isa = PBXFileReference; explicitFileType = wrapper.application; includeInIndex = 0; path = DataNews.app; sourceTree = BUILT_PRODUCTS_DIR; };
		C49466B025A378EC000DA74E /* AppDelegate.swift */ = {isa = PBXFileReference; lastKnownFileType = sourcecode.swift; path = AppDelegate.swift; sourceTree = "<group>"; };
		C49466B225A378EC000DA74E /* SceneDelegate.swift */ = {isa = PBXFileReference; lastKnownFileType = sourcecode.swift; path = SceneDelegate.swift; sourceTree = "<group>"; };
		C49466B725A378EC000DA74E /* Base */ = {isa = PBXFileReference; lastKnownFileType = file.storyboard; name = Base; path = Base.lproj/Main.storyboard; sourceTree = "<group>"; };
		C49466B925A378EF000DA74E /* Assets.xcassets */ = {isa = PBXFileReference; lastKnownFileType = folder.assetcatalog; path = Assets.xcassets; sourceTree = "<group>"; };
		C49466BC25A378EF000DA74E /* Base */ = {isa = PBXFileReference; lastKnownFileType = file.storyboard; name = Base; path = Base.lproj/LaunchScreen.storyboard; sourceTree = "<group>"; };
		C49466BE25A378EF000DA74E /* Info.plist */ = {isa = PBXFileReference; lastKnownFileType = text.plist.xml; path = Info.plist; sourceTree = "<group>"; };
		C49466CD25A37D0F000DA74E /* NewsData.swift */ = {isa = PBXFileReference; lastKnownFileType = sourcecode.swift; path = NewsData.swift; sourceTree = "<group>"; };
		C49466D125A37D20000DA74E /* Post.swift */ = {isa = PBXFileReference; lastKnownFileType = sourcecode.swift; path = Post.swift; sourceTree = "<group>"; };
		C49466D425A37D45000DA74E /* NetworkManager.swift */ = {isa = PBXFileReference; lastKnownFileType = sourcecode.swift; path = NetworkManager.swift; sourceTree = "<group>"; };
		C49466D725A37D7D000DA74E /* DNError.swift */ = {isa = PBXFileReference; lastKnownFileType = sourcecode.swift; path = DNError.swift; sourceTree = "<group>"; };
		C49466DB25A37EF2000DA74E /* DNDataLoadingVC.swift */ = {isa = PBXFileReference; lastKnownFileType = sourcecode.swift; path = DNDataLoadingVC.swift; sourceTree = "<group>"; };
		C49466DF25A37F46000DA74E /* DNAlertVC.swift */ = {isa = PBXFileReference; lastKnownFileType = sourcecode.swift; path = DNAlertVC.swift; sourceTree = "<group>"; };
		C49466E325A37F68000DA74E /* DNContainerView.swift */ = {isa = PBXFileReference; lastKnownFileType = sourcecode.swift; path = DNContainerView.swift; sourceTree = "<group>"; };
		C49466E825A37F89000DA74E /* DNButton.swift */ = {isa = PBXFileReference; lastKnownFileType = sourcecode.swift; path = DNButton.swift; sourceTree = "<group>"; };
		C49466ED25A37FB9000DA74E /* DNTitleLabel.swift */ = {isa = PBXFileReference; lastKnownFileType = sourcecode.swift; path = DNTitleLabel.swift; sourceTree = "<group>"; };
		C49466F125A37FCF000DA74E /* DNBodyLabel.swift */ = {isa = PBXFileReference; lastKnownFileType = sourcecode.swift; path = DNBodyLabel.swift; sourceTree = "<group>"; };
		C49466F425A3800C000DA74E /* UIView+Ext.swift */ = {isa = PBXFileReference; lastKnownFileType = sourcecode.swift; path = "UIView+Ext.swift"; sourceTree = "<group>"; };
		C49466F725A38022000DA74E /* UIViewController+Ext.swift */ = {isa = PBXFileReference; lastKnownFileType = sourcecode.swift; path = "UIViewController+Ext.swift"; sourceTree = "<group>"; };
/* End PBXFileReference section */

/* Begin PBXFrameworksBuildPhase section */
		C49466AA25A378EC000DA74E /* Frameworks */ = {
			isa = PBXFrameworksBuildPhase;
			buildActionMask = 2147483647;
			files = (
			);
			runOnlyForDeploymentPostprocessing = 0;
		};
/* End PBXFrameworksBuildPhase section */

/* Begin PBXGroup section */
		C481076E25A382CD00EAF35B /* ViewModel */ = {
			isa = PBXGroup;
			children = (
				C481076F25A382EA00EAF35B /* DataNewsListViewModel.swift */,
			);
			path = ViewModel;
			sourceTree = "<group>";
		};
		C481077325A3831600EAF35B /* List */ = {
			isa = PBXGroup;
			children = (
				C481077425A3832400EAF35B /* TableViewCell */,
				C481076E25A382CD00EAF35B /* ViewModel */,
				C481076B25A382A700EAF35B /* DataNewsListVC.swift */,
			);
			path = List;
			sourceTree = "<group>";
		};
		C481077425A3832400EAF35B /* TableViewCell */ = {
			isa = PBXGroup;
			children = (
				C481077C25A3838600EAF35B /* ViewModel */,
				C481077525A3834600EAF35B /* DataNewsPostTableViewCell.swift */,
				C481077925A3836D00EAF35B /* DataNewsPostTableViewCell.xib */,
			);
			path = TableViewCell;
			sourceTree = "<group>";
		};
		C481077C25A3838600EAF35B /* ViewModel */ = {
			isa = PBXGroup;
			children = (
				C481077D25A383A500EAF35B /* DataNewsPostTableViewModel.swift */,
			);
			path = ViewModel;
			sourceTree = "<group>";
		};
		C481078125A383DA00EAF35B /* Detail News */ = {
			isa = PBXGroup;
			children = (
				C481078F25A384F800EAF35B /* PostDetailInfoViewModel.swift */,
				C481078C25A384A700EAF35B /* PostDetailInfoVC.swift */,
			);
			path = "Detail News";
			sourceTree = "<group>";
		};
		C49466A425A378EC000DA74E = {
			isa = PBXGroup;
			children = (
				C49466AF25A378EC000DA74E /* DataNews */,
				C49466AE25A378EC000DA74E /* Products */,
			);
			sourceTree = "<group>";
		};
		C49466AE25A378EC000DA74E /* Products */ = {
			isa = PBXGroup;
			children = (
				C49466AD25A378EC000DA74E /* DataNews.app */,
			);
			name = Products;
			sourceTree = "<group>";
		};
		C49466AF25A378EC000DA74E /* DataNews */ = {
			isa = PBXGroup;
			children = (
				C49466C825A37C80000DA74E /* Managers */,
				C49466C625A37C72000DA74E /* Screens */,
				C49466C725A37C7A000DA74E /* Model */,
				C49466C925A37C8A000DA74E /* Custom Views */,
				C49466CA25A37C93000DA74E /* Extention */,
				C49466CB25A37C9E000DA74E /* Utilities */,
				C49466CC25A37CB8000DA74E /* Support */,
				C49466BE25A378EF000DA74E /* Info.plist */,
			);
			path = DataNews;
			sourceTree = "<group>";
		};
		C49466C625A37C72000DA74E /* Screens */ = {
			isa = PBXGroup;
			children = (
				C481078125A383DA00EAF35B /* Detail News */,
				C481077325A3831600EAF35B /* List */,
			);
			path = Screens;
			sourceTree = "<group>";
		};
		C49466C725A37C7A000DA74E /* Model */ = {
			isa = PBXGroup;
			children = (
				C49466CD25A37D0F000DA74E /* NewsData.swift */,
				C49466D125A37D20000DA74E /* Post.swift */,
			);
			path = Model;
			sourceTree = "<group>";
		};
		C49466C825A37C80000DA74E /* Managers */ = {
			isa = PBXGroup;
			children = (
				C49466D425A37D45000DA74E /* NetworkManager.swift */,
			);
			path = Managers;
			sourceTree = "<group>";
		};
		C49466C925A37C8A000DA74E /* Custom Views */ = {
			isa = PBXGroup;
			children = (
				C49466EC25A37FA7000DA74E /* Labels */,
				C49466E725A37F79000DA74E /* Buttons */,
				C49466E225A37F58000DA74E /* Views */,
				C49466DA25A37ED0000DA74E /* ViewControllers */,
			);
			path = "Custom Views";
			sourceTree = "<group>";
		};
		C49466CA25A37C93000DA74E /* Extention */ = {
			isa = PBXGroup;
			children = (
				C49466F425A3800C000DA74E /* UIView+Ext.swift */,
				C49466F725A38022000DA74E /* UIViewController+Ext.swift */,
				C481078225A383FD00EAF35B /* Date+Ext.swift */,
				C481078625A3845200EAF35B /* String+Ext.swift */,
			);
			path = Extention;
			sourceTree = "<group>";
		};
		C49466CB25A37C9E000DA74E /* Utilities */ = {
			isa = PBXGroup;
			children = (
				C49466D725A37D7D000DA74E /* DNError.swift */,
				C481078925A3848900EAF35B /* Constants.swift */,
			);
			path = Utilities;
			sourceTree = "<group>";
		};
		C49466CC25A37CB8000DA74E /* Support */ = {
			isa = PBXGroup;
			children = (
				C49466B025A378EC000DA74E /* AppDelegate.swift */,
				C49466B225A378EC000DA74E /* SceneDelegate.swift */,
				C49466B625A378EC000DA74E /* Main.storyboard */,
				C49466B925A378EF000DA74E /* Assets.xcassets */,
				C49466BB25A378EF000DA74E /* LaunchScreen.storyboard */,
			);
			path = Support;
			sourceTree = "<group>";
		};
		C49466DA25A37ED0000DA74E /* ViewControllers */ = {
			isa = PBXGroup;
			children = (
				C49466DB25A37EF2000DA74E /* DNDataLoadingVC.swift */,
				C49466DF25A37F46000DA74E /* DNAlertVC.swift */,
			);
			path = ViewControllers;
			sourceTree = "<group>";
		};
		C49466E225A37F58000DA74E /* Views */ = {
			isa = PBXGroup;
			children = (
				C49466E325A37F68000DA74E /* DNContainerView.swift */,
			);
			path = Views;
			sourceTree = "<group>";
		};
		C49466E725A37F79000DA74E /* Buttons */ = {
			isa = PBXGroup;
			children = (
				C49466E825A37F89000DA74E /* DNButton.swift */,
			);
			path = Buttons;
			sourceTree = "<group>";
		};
		C49466EC25A37FA7000DA74E /* Labels */ = {
			isa = PBXGroup;
			children = (
				C49466ED25A37FB9000DA74E /* DNTitleLabel.swift */,
				C49466F125A37FCF000DA74E /* DNBodyLabel.swift */,
			);
			path = Labels;
			sourceTree = "<group>";
		};
/* End PBXGroup section */

/* Begin PBXNativeTarget section */
		C49466AC25A378EC000DA74E /* DataNews */ = {
			isa = PBXNativeTarget;
			buildConfigurationList = C49466C125A378EF000DA74E /* Build configuration list for PBXNativeTarget "DataNews" */;
			buildPhases = (
				C49466A925A378EC000DA74E /* Sources */,
				C49466AA25A378EC000DA74E /* Frameworks */,
				C49466AB25A378EC000DA74E /* Resources */,
			);
			buildRules = (
			);
			dependencies = (
			);
			name = DataNews;
			productName = DataNews;
			productReference = C49466AD25A378EC000DA74E /* DataNews.app */;
			productType = "com.apple.product-type.application";
		};
/* End PBXNativeTarget section */

/* Begin PBXProject section */
		C49466A525A378EC000DA74E /* Project object */ = {
			isa = PBXProject;
			attributes = {
				LastSwiftUpdateCheck = 1200;
				LastUpgradeCheck = 1200;
				TargetAttributes = {
					C49466AC25A378EC000DA74E = {
						CreatedOnToolsVersion = 12.0.1;
					};
				};
			};
			buildConfigurationList = C49466A825A378EC000DA74E /* Build configuration list for PBXProject "DataNews" */;
			compatibilityVersion = "Xcode 9.3";
			developmentRegion = en;
			hasScannedForEncodings = 0;
			knownRegions = (
				en,
				Base,
			);
			mainGroup = C49466A425A378EC000DA74E;
			productRefGroup = C49466AE25A378EC000DA74E /* Products */;
			projectDirPath = "";
			projectRoot = "";
			targets = (
				C49466AC25A378EC000DA74E /* DataNews */,
			);
		};
/* End PBXProject section */

/* Begin PBXResourcesBuildPhase section */
		C49466AB25A378EC000DA74E /* Resources */ = {
			isa = PBXResourcesBuildPhase;
			buildActionMask = 2147483647;
			files = (
				C49466BD25A378EF000DA74E /* LaunchScreen.storyboard in Resources */,
				C49466BA25A378EF000DA74E /* Assets.xcassets in Resources */,
				C481077A25A3836D00EAF35B /* DataNewsPostTableViewCell.xib in Resources */,
				C49466B825A378EC000DA74E /* Main.storyboard in Resources */,
			);
			runOnlyForDeploymentPostprocessing = 0;
		};
/* End PBXResourcesBuildPhase section */

/* Begin PBXSourcesBuildPhase section */
		C49466A925A378EC000DA74E /* Sources */ = {
			isa = PBXSourcesBuildPhase;
			buildActionMask = 2147483647;
			files = (
				C49466E425A37F68000DA74E /* DNContainerView.swift in Sources */,
				C49466D525A37D45000DA74E /* NetworkManager.swift in Sources */,
				C49466F825A38022000DA74E /* UIViewController+Ext.swift in Sources */,
				C481077625A3834600EAF35B /* DataNewsPostTableViewCell.swift in Sources */,
				C49466E025A37F46000DA74E /* DNAlertVC.swift in Sources */,
				C481079025A384F800EAF35B /* PostDetailInfoViewModel.swift in Sources */,
				C49466CE25A37D0F000DA74E /* NewsData.swift in Sources */,
				C481077E25A383A500EAF35B /* DataNewsPostTableViewModel.swift in Sources */,
				C481077025A382EA00EAF35B /* DataNewsListViewModel.swift in Sources */,
				C49466F525A3800C000DA74E /* UIView+Ext.swift in Sources */,
				C481078325A383FD00EAF35B /* Date+Ext.swift in Sources */,
				C49466DC25A37EF2000DA74E /* DNDataLoadingVC.swift in Sources */,
				C481078A25A3848900EAF35B /* Constants.swift in Sources */,
				C49466E925A37F89000DA74E /* DNButton.swift in Sources */,
				C49466B125A378EC000DA74E /* AppDelegate.swift in Sources */,
				C49466B325A378EC000DA74E /* SceneDelegate.swift in Sources */,
				C49466EE25A37FB9000DA74E /* DNTitleLabel.swift in Sources */,
				C49466D225A37D20000DA74E /* Post.swift in Sources */,
				C481076C25A382A700EAF35B /* DataNewsListVC.swift in Sources */,
				C49466F225A37FCF000DA74E /* DNBodyLabel.swift in Sources */,
				C481078D25A384A800EAF35B /* PostDetailInfoVC.swift in Sources */,
				C481078725A3845200EAF35B /* String+Ext.swift in Sources */,
				C49466D825A37D7D000DA74E /* DNError.swift in Sources */,
			);
			runOnlyForDeploymentPostprocessing = 0;
		};
/* End PBXSourcesBuildPhase section */

/* Begin PBXVariantGroup section */
		C49466B625A378EC000DA74E /* Main.storyboard */ = {
			isa = PBXVariantGroup;
			children = (
				C49466B725A378EC000DA74E /* Base */,
			);
			name = Main.storyboard;
			sourceTree = "<group>";
		};
		C49466BB25A378EF000DA74E /* LaunchScreen.storyboard */ = {
			isa = PBXVariantGroup;
			children = (
				C49466BC25A378EF000DA74E /* Base */,
			);
			name = LaunchScreen.storyboard;
			sourceTree = "<group>";
		};
/* End PBXVariantGroup section */

/* Begin XCBuildConfiguration section */
		C49466BF25A378EF000DA74E /* Debug */ = {
			isa = XCBuildConfiguration;
			buildSettings = {
				ALWAYS_SEARCH_USER_PATHS = NO;
				CLANG_ANALYZER_NONNULL = YES;
				CLANG_ANALYZER_NUMBER_OBJECT_CONVERSION = YES_AGGRESSIVE;
				CLANG_CXX_LANGUAGE_STANDARD = "gnu++14";
				CLANG_CXX_LIBRARY = "libc++";
				CLANG_ENABLE_MODULES = YES;
				CLANG_ENABLE_OBJC_ARC = YES;
				CLANG_ENABLE_OBJC_WEAK = YES;
				CLANG_WARN_BLOCK_CAPTURE_AUTORELEASING = YES;
				CLANG_WARN_BOOL_CONVERSION = YES;
				CLANG_WARN_COMMA = YES;
				CLANG_WARN_CONSTANT_CONVERSION = YES;
				CLANG_WARN_DEPRECATED_OBJC_IMPLEMENTATIONS = YES;
				CLANG_WARN_DIRECT_OBJC_ISA_USAGE = YES_ERROR;
				CLANG_WARN_DOCUMENTATION_COMMENTS = YES;
				CLANG_WARN_EMPTY_BODY = YES;
				CLANG_WARN_ENUM_CONVERSION = YES;
				CLANG_WARN_INFINITE_RECURSION = YES;
				CLANG_WARN_INT_CONVERSION = YES;
				CLANG_WARN_NON_LITERAL_NULL_CONVERSION = YES;
				CLANG_WARN_OBJC_IMPLICIT_RETAIN_SELF = YES;
				CLANG_WARN_OBJC_LITERAL_CONVERSION = YES;
				CLANG_WARN_OBJC_ROOT_CLASS = YES_ERROR;
				CLANG_WARN_QUOTED_INCLUDE_IN_FRAMEWORK_HEADER = YES;
				CLANG_WARN_RANGE_LOOP_ANALYSIS = YES;
				CLANG_WARN_STRICT_PROTOTYPES = YES;
				CLANG_WARN_SUSPICIOUS_MOVE = YES;
				CLANG_WARN_UNGUARDED_AVAILABILITY = YES_AGGRESSIVE;
				CLANG_WARN_UNREACHABLE_CODE = YES;
				CLANG_WARN__DUPLICATE_METHOD_MATCH = YES;
				COPY_PHASE_STRIP = NO;
				DEBUG_INFORMATION_FORMAT = dwarf;
				ENABLE_STRICT_OBJC_MSGSEND = YES;
				ENABLE_TESTABILITY = YES;
				GCC_C_LANGUAGE_STANDARD = gnu11;
				GCC_DYNAMIC_NO_PIC = NO;
				GCC_NO_COMMON_BLOCKS = YES;
				GCC_OPTIMIZATION_LEVEL = 0;
				GCC_PREPROCESSOR_DEFINITIONS = (
					"DEBUG=1",
					"$(inherited)",
				);
				GCC_WARN_64_TO_32_BIT_CONVERSION = YES;
				GCC_WARN_ABOUT_RETURN_TYPE = YES_ERROR;
				GCC_WARN_UNDECLARED_SELECTOR = YES;
				GCC_WARN_UNINITIALIZED_AUTOS = YES_AGGRESSIVE;
				GCC_WARN_UNUSED_FUNCTION = YES;
				GCC_WARN_UNUSED_VARIABLE = YES;
				IPHONEOS_DEPLOYMENT_TARGET = 14.0;
				MTL_ENABLE_DEBUG_INFO = INCLUDE_SOURCE;
				MTL_FAST_MATH = YES;
				ONLY_ACTIVE_ARCH = YES;
				SDKROOT = iphoneos;
				SWIFT_ACTIVE_COMPILATION_CONDITIONS = DEBUG;
				SWIFT_OPTIMIZATION_LEVEL = "-Onone";
			};
			name = Debug;
		};
		C49466C025A378EF000DA74E /* Release */ = {
			isa = XCBuildConfiguration;
			buildSettings = {
				ALWAYS_SEARCH_USER_PATHS = NO;
				CLANG_ANALYZER_NONNULL = YES;
				CLANG_ANALYZER_NUMBER_OBJECT_CONVERSION = YES_AGGRESSIVE;
				CLANG_CXX_LANGUAGE_STANDARD = "gnu++14";
				CLANG_CXX_LIBRARY = "libc++";
				CLANG_ENABLE_MODULES = YES;
				CLANG_ENABLE_OBJC_ARC = YES;
				CLANG_ENABLE_OBJC_WEAK = YES;
				CLANG_WARN_BLOCK_CAPTURE_AUTORELEASING = YES;
				CLANG_WARN_BOOL_CONVERSION = YES;
				CLANG_WARN_COMMA = YES;
				CLANG_WARN_CONSTANT_CONVERSION = YES;
				CLANG_WARN_DEPRECATED_OBJC_IMPLEMENTATIONS = YES;
				CLANG_WARN_DIRECT_OBJC_ISA_USAGE = YES_ERROR;
				CLANG_WARN_DOCUMENTATION_COMMENTS = YES;
				CLANG_WARN_EMPTY_BODY = YES;
				CLANG_WARN_ENUM_CONVERSION = YES;
				CLANG_WARN_INFINITE_RECURSION = YES;
				CLANG_WARN_INT_CONVERSION = YES;
				CLANG_WARN_NON_LITERAL_NULL_CONVERSION = YES;
				CLANG_WARN_OBJC_IMPLICIT_RETAIN_SELF = YES;
				CLANG_WARN_OBJC_LITERAL_CONVERSION = YES;
				CLANG_WARN_OBJC_ROOT_CLASS = YES_ERROR;
				CLANG_WARN_QUOTED_INCLUDE_IN_FRAMEWORK_HEADER = YES;
				CLANG_WARN_RANGE_LOOP_ANALYSIS = YES;
				CLANG_WARN_STRICT_PROTOTYPES = YES;
				CLANG_WARN_SUSPICIOUS_MOVE = YES;
				CLANG_WARN_UNGUARDED_AVAILABILITY = YES_AGGRESSIVE;
				CLANG_WARN_UNREACHABLE_CODE = YES;
				CLANG_WARN__DUPLICATE_METHOD_MATCH = YES;
				COPY_PHASE_STRIP = NO;
				DEBUG_INFORMATION_FORMAT = "dwarf-with-dsym";
				ENABLE_NS_ASSERTIONS = NO;
				ENABLE_STRICT_OBJC_MSGSEND = YES;
				GCC_C_LANGUAGE_STANDARD = gnu11;
				GCC_NO_COMMON_BLOCKS = YES;
				GCC_WARN_64_TO_32_BIT_CONVERSION = YES;
				GCC_WARN_ABOUT_RETURN_TYPE = YES_ERROR;
				GCC_WARN_UNDECLARED_SELECTOR = YES;
				GCC_WARN_UNINITIALIZED_AUTOS = YES_AGGRESSIVE;
				GCC_WARN_UNUSED_FUNCTION = YES;
				GCC_WARN_UNUSED_VARIABLE = YES;
				IPHONEOS_DEPLOYMENT_TARGET = 14.0;
				MTL_ENABLE_DEBUG_INFO = NO;
				MTL_FAST_MATH = YES;
				SDKROOT = iphoneos;
				SWIFT_COMPILATION_MODE = wholemodule;
				SWIFT_OPTIMIZATION_LEVEL = "-O";
				VALIDATE_PRODUCT = YES;
			};
			name = Release;
		};
		C49466C225A378EF000DA74E /* Debug */ = {
			isa = XCBuildConfiguration;
			buildSettings = {
				ASSETCATALOG_COMPILER_APPICON_NAME = AppIcon;
				ASSETCATALOG_COMPILER_GLOBAL_ACCENT_COLOR_NAME = AccentColor;
				CODE_SIGN_STYLE = Automatic;
				DEVELOPMENT_TEAM = 8DZYWHUP2S;
				INFOPLIST_FILE = DataNews/Info.plist;
				LD_RUNPATH_SEARCH_PATHS = (
					"$(inherited)",
					"@executable_path/Frameworks",
				);
				PRODUCT_BUNDLE_IDENTIFIER = Yaroslav.DataNews;
				PRODUCT_NAME = "$(TARGET_NAME)";
				SWIFT_VERSION = 5.0;
				TARGETED_DEVICE_FAMILY = 1;
			};
			name = Debug;
		};
		C49466C325A378EF000DA74E /* Release */ = {
			isa = XCBuildConfiguration;
			buildSettings = {
				ASSETCATALOG_COMPILER_APPICON_NAME = AppIcon;
				ASSETCATALOG_COMPILER_GLOBAL_ACCENT_COLOR_NAME = AccentColor;
				CODE_SIGN_STYLE = Automatic;
				DEVELOPMENT_TEAM = 8DZYWHUP2S;
				INFOPLIST_FILE = DataNews/Info.plist;
				LD_RUNPATH_SEARCH_PATHS = (
					"$(inherited)",
					"@executable_path/Frameworks",
				);
				PRODUCT_BUNDLE_IDENTIFIER = Yaroslav.DataNews;
				PRODUCT_NAME = "$(TARGET_NAME)";
				SWIFT_VERSION = 5.0;
				TARGETED_DEVICE_FAMILY = 1;
			};
			name = Release;
		};
/* End XCBuildConfiguration section */

/* Begin XCConfigurationList section */
		C49466A825A378EC000DA74E /* Build configuration list for PBXProject "DataNews" */ = {
			isa = XCConfigurationList;
			buildConfigurations = (
				C49466BF25A378EF000DA74E /* Debug */,
				C49466C025A378EF000DA74E /* Release */,
			);
			defaultConfigurationIsVisible = 0;
			defaultConfigurationName = Release;
		};
		C49466C125A378EF000DA74E /* Build configuration list for PBXNativeTarget "DataNews" */ = {
			isa = XCConfigurationList;
			buildConfigurations = (
				C49466C225A378EF000DA74E /* Debug */,
				C49466C325A378EF000DA74E /* Release */,
			);
			defaultConfigurationIsVisible = 0;
			defaultConfigurationName = Release;
		};
/* End XCConfigurationList section */
	};
	rootObject = C49466A525A378EC000DA74E /* Project object */;
}
